{
  "version": 4,
  "terraform_version": "1.11.3",
  "serial": 1,
  "lineage": "2401bfa7-16d2-82a2-befe-4013546441ee",
  "outputs": {},
  "resources": [
    {
      "mode": "managed",
      "type": "aws_key_pair",
      "name": "key_pair",
      "provider": "provider[\"registry.terraform.io/hashicorp/aws\"]",
      "instances": [
        {
          "schema_version": 1,
          "attributes": {
            "arn": "arn:aws:ec2:eu-north-1:331409392494:key-pair/my-terraform-key",
            "fingerprint": "bc:99:d9:3b:f3:92:0b:5d:a9:23:20:1d:ba:2e:66:3d",
            "id": "my-terraform-key",
            "key_name": "my-terraform-key",
            "key_name_prefix": "",
            "key_pair_id": "key-05c33b18efcf4ecba",
            "key_type": "rsa",
            "public_key": null,
            "tags": {},
            "tags_all": {}
          },
          "sensitive_attributes": [],
          "private": "eyJzY2hlbWFfdmVyc2lvbiI6IjEifQ=="
        }
      ]
    }
  ],
  "check_results": null
}
